
Microsoft Visual Studio Solution File, Format Version 12.00
# Visual Studio 15
VisualStudioVersion = 15.0.27004.2002
MinimumVisualStudioVersion = 10.0.40219.1
Project("{FAE04EC0-301F-11D3-BF4B-00C04F79EFBC}") = "Task1", "Task1\Task1.csproj", "{4CB9F485-A6FE-4B29-AC57-79FF52A70D0F}"
EndProject
Project("{FAE04EC0-301F-11D3-BF4B-00C04F79EFBC}") = "Task2", "Task2\Task2.csproj", "{C989A2C0-669B-412B-869A-A3C8D173187D}"
EndProject
Global
	GlobalSection(SolutionConfigurationPlatforms) = preSolution
		Debug|Any CPU = Debug|Any CPU
		Release|Any CPU = Release|Any CPU
	EndGlobalSection
	GlobalSection(ProjectConfigurationPlatforms) = postSolution
		{4CB9F485-A6FE-4B29-AC57-79FF52A70D0F}.Debug|Any CPU.ActiveCfg = Debug|Any CPU
		{4CB9F485-A6FE-4B29-AC57-79FF52A70D0F}.Debug|Any CPU.Build.0 = Debug|Any CPU
		{4CB9F485-A6FE-4B29-AC57-79FF52A70D0F}.Release|Any CPU.ActiveCfg = Release|Any CPU
		{4CB9F485-A6FE-4B29-AC57-79FF52A70D0F}.Release|Any CPU.Build.0 = Release|Any CPU
		{C989A2C0-669B-412B-869A-A3C8D173187D}.Debug|Any CPU.ActiveCfg = Debug|Any CPU
		{C989A2C0-669B-412B-869A-A3C8D173187D}.Debug|Any CPU.Build.0 = Debug|Any CPU
		{C989A2C0-669B-412B-869A-A3C8D173187D}.Release|Any CPU.ActiveCfg = Release|Any CPU
		{C989A2C0-669B-412B-869A-A3C8D173187D}.Release|Any CPU.Build.0 = Release|Any CPU
	EndGlobalSection
	GlobalSection(SolutionProperties) = preSolution
		HideSolutionNode = FALSE
	EndGlobalSection
	GlobalSection(ExtensibilityGlobals) = postSolution
		SolutionGuid = {39F607EA-B5ED-428E-A094-8B6622055FD6}
	EndGlobalSection
EndGlobal
